
Microsoft Visual Studio Solution File, Format Version 12.00
Project("{FAE04EC0-301F-11D3-BF4B-00C04F79EFBC}") = "TodoList", "TodoList\TodoList.csproj", "{B06000EF-0CD1-4238-9E5D-5DA2EC19D110}"
EndProject
Global
	GlobalSection(SolutionConfigurationPlatforms) = preSolution
		Debug|Any CPU = Debug|Any CPU
		Release|Any CPU = Release|Any CPU
	EndGlobalSection
	GlobalSection(ProjectConfigurationPlatforms) = postSolution
		{B06000EF-0CD1-4238-9E5D-5DA2EC19D110}.Debug|Any CPU.ActiveCfg = Debug|Any CPU
		{B06000EF-0CD1-4238-9E5D-5DA2EC19D110}.Debug|Any CPU.Build.0 = Debug|Any CPU
		{B06000EF-0CD1-4238-9E5D-5DA2EC19D110}.Release|Any CPU.ActiveCfg = Release|Any CPU
		{B06000EF-0CD1-4238-9E5D-5DA2EC19D110}.Release|Any CPU.Build.0 = Release|Any CPU
	EndGlobalSection
EndGlobal
